
Microsoft Visual Studio Solution File, Format Version 12.00
# Visual Studio Version 17
VisualStudioVersion = 17.5.33502.453
MinimumVisualStudioVersion = 10.0.40219.1
Project("{FAE04EC0-301F-11D3-BF4B-00C04F79EFBC}") = "MvcCoreElastiCacheAWS", "MvcCoreElastiCacheAWS\MvcCoreElastiCacheAWS.csproj", "{122D9977-3710-4F21-AFDE-A2A53EA741B0}"
EndProject
Global
	GlobalSection(SolutionConfigurationPlatforms) = preSolution
		Debug|Any CPU = Debug|Any CPU
		Release|Any CPU = Release|Any CPU
	EndGlobalSection
	GlobalSection(ProjectConfigurationPlatforms) = postSolution
		{122D9977-3710-4F21-AFDE-A2A53EA741B0}.Debug|Any CPU.ActiveCfg = Debug|Any CPU
		{122D9977-3710-4F21-AFDE-A2A53EA741B0}.Debug|Any CPU.Build.0 = Debug|Any CPU
		{122D9977-3710-4F21-AFDE-A2A53EA741B0}.Release|Any CPU.ActiveCfg = Release|Any CPU
		{122D9977-3710-4F21-AFDE-A2A53EA741B0}.Release|Any CPU.Build.0 = Release|Any CPU
	EndGlobalSection
	GlobalSection(SolutionProperties) = preSolution
		HideSolutionNode = FALSE
	EndGlobalSection
	GlobalSection(ExtensibilityGlobals) = postSolution
		SolutionGuid = {E08C01E3-0C43-4D07-A139-AD1E8DA1416B}
	EndGlobalSection
EndGlobal
